
Microsoft Visual Studio Solution File, Format Version 12.00
# Visual Studio Version 17
VisualStudioVersion = 17.14.36429.23 d17.14
MinimumVisualStudioVersion = 10.0.40219.1
Project("{8BC9CEB8-8B4A-11D0-8D11-00A0C91BC942}") = "ProyectoEstructuras", "ProyectoEstructuras.vcxproj", "{6313AA13-FCDD-4857-8CA4-E887CC8C855C}"
EndProject
Global
	GlobalSection(SolutionConfigurationPlatforms) = preSolution
		Debug|x64 = Debug|x64
		Debug|x86 = Debug|x86
		Release|x64 = Release|x64
		Release|x86 = Release|x86
	EndGlobalSection
	GlobalSection(ProjectConfigurationPlatforms) = postSolution
		{6313AA13-FCDD-4857-8CA4-E887CC8C855C}.Debug|x64.ActiveCfg = Debug|x64
		{6313AA13-FCDD-4857-8CA4-E887CC8C855C}.Debug|x64.Build.0 = Debug|x64
		{6313AA13-FCDD-4857-8CA4-E887CC8C855C}.Debug|x86.ActiveCfg = Debug|Win32
		{6313AA13-FCDD-4857-8CA4-E887CC8C855C}.Debug|x86.Build.0 = Debug|Win32
		{6313AA13-FCDD-4857-8CA4-E887CC8C855C}.Release|x64.ActiveCfg = Release|x64
		{6313AA13-FCDD-4857-8CA4-E887CC8C855C}.Release|x64.Build.0 = Release|x64
		{6313AA13-FCDD-4857-8CA4-E887CC8C855C}.Release|x86.ActiveCfg = Release|Win32
		{6313AA13-FCDD-4857-8CA4-E887CC8C855C}.Release|x86.Build.0 = Release|Win32
	EndGlobalSection
	GlobalSection(SolutionProperties) = preSolution
		HideSolutionNode = FALSE
	EndGlobalSection
	GlobalSection(ExtensibilityGlobals) = postSolution
		SolutionGuid = {2539070D-E9D7-456B-ACEF-D17872639AC9}
	EndGlobalSection
EndGlobal
